
Microsoft Visual Studio Solution File, Format Version 12.00
# Visual Studio 14
VisualStudioVersion = 14.0.25420.1
MinimumVisualStudioVersion = 10.0.40219.1
Project("{FAE04EC0-301F-11D3-BF4B-00C04F79EFBC}") = "ARK Web Notifier", "ARK Web Notifier\ARK Web Notifier.csproj", "{840DA4E3-AA07-4A4F-A22E-C64990F636B1}"
EndProject
Project("{FAE04EC0-301F-11D3-BF4B-00C04F79EFBC}") = "ARK Notifier Service", "ARK Notifier Service\ARK Notifier Service.csproj", "{0B0D5132-7C30-4024-828A-45BBB5E9A06B}"
EndProject
Global
	GlobalSection(SolutionConfigurationPlatforms) = preSolution
		Debug|Any CPU = Debug|Any CPU
		Release|Any CPU = Release|Any CPU
	EndGlobalSection
	GlobalSection(ProjectConfigurationPlatforms) = postSolution
		{840DA4E3-AA07-4A4F-A22E-C64990F636B1}.Debug|Any CPU.ActiveCfg = Debug|Any CPU
		{840DA4E3-AA07-4A4F-A22E-C64990F636B1}.Debug|Any CPU.Build.0 = Debug|Any CPU
		{840DA4E3-AA07-4A4F-A22E-C64990F636B1}.Release|Any CPU.ActiveCfg = Release|Any CPU
		{840DA4E3-AA07-4A4F-A22E-C64990F636B1}.Release|Any CPU.Build.0 = Release|Any CPU
		{0B0D5132-7C30-4024-828A-45BBB5E9A06B}.Debug|Any CPU.ActiveCfg = Debug|Any CPU
		{0B0D5132-7C30-4024-828A-45BBB5E9A06B}.Debug|Any CPU.Build.0 = Debug|Any CPU
		{0B0D5132-7C30-4024-828A-45BBB5E9A06B}.Release|Any CPU.ActiveCfg = Release|Any CPU
		{0B0D5132-7C30-4024-828A-45BBB5E9A06B}.Release|Any CPU.Build.0 = Release|Any CPU
	EndGlobalSection
	GlobalSection(SolutionProperties) = preSolution
		HideSolutionNode = FALSE
	EndGlobalSection
EndGlobal
